
Microsoft Visual Studio Solution File, Format Version 12.00
# Visual Studio Version 16
VisualStudioVersion = 16.0.30413.136
MinimumVisualStudioVersion = 10.0.40219.1
Project("{FAE04EC0-301F-11D3-BF4B-00C04F79EFBC}") = "AreSimilar", "AreSimilar\AreSimilar.csproj", "{1D3C8CB5-D1D6-4F14-8D3A-53C405B5903E}"
EndProject
Global
	GlobalSection(SolutionConfigurationPlatforms) = preSolution
		Debug|Any CPU = Debug|Any CPU
		Release|Any CPU = Release|Any CPU
	EndGlobalSection
	GlobalSection(ProjectConfigurationPlatforms) = postSolution
		{1D3C8CB5-D1D6-4F14-8D3A-53C405B5903E}.Debug|Any CPU.ActiveCfg = Debug|Any CPU
		{1D3C8CB5-D1D6-4F14-8D3A-53C405B5903E}.Debug|Any CPU.Build.0 = Debug|Any CPU
		{1D3C8CB5-D1D6-4F14-8D3A-53C405B5903E}.Release|Any CPU.ActiveCfg = Release|Any CPU
		{1D3C8CB5-D1D6-4F14-8D3A-53C405B5903E}.Release|Any CPU.Build.0 = Release|Any CPU
	EndGlobalSection
	GlobalSection(SolutionProperties) = preSolution
		HideSolutionNode = FALSE
	EndGlobalSection
	GlobalSection(ExtensibilityGlobals) = postSolution
		SolutionGuid = {CFD0EE58-21A1-4109-A8BC-A8A2CF22CED6}
	EndGlobalSection
EndGlobal
